
Microsoft Visual Studio Solution File, Format Version 12.00
# Visual Studio Version 17
VisualStudioVersion = 17.8.34525.116
MinimumVisualStudioVersion = 10.0.40219.1
Project("{9A19103F-16F7-4668-BE54-9A1E7A4F7556}") = "Food_World", "Food_World.csproj", "{5571F79F-2523-4812-B5E9-499D580D21B1}"
EndProject
Project("{2150E333-8FDC-42A3-9474-1A3956D46DE8}") = "Solution Items", "Solution Items", "{29885A5F-68DF-4F8F-95FA-4A28FB5EE33A}"
	ProjectSection(SolutionItems) = preProject
		.editorconfig = .editorconfig
	EndProjectSection
EndProject
Global
	GlobalSection(SolutionConfigurationPlatforms) = preSolution
		Debug|Any CPU = Debug|Any CPU
		Release|Any CPU = Release|Any CPU
	EndGlobalSection
	GlobalSection(ProjectConfigurationPlatforms) = postSolution
		{5571F79F-2523-4812-B5E9-499D580D21B1}.Debug|Any CPU.ActiveCfg = Debug|Any CPU
		{5571F79F-2523-4812-B5E9-499D580D21B1}.Debug|Any CPU.Build.0 = Debug|Any CPU
		{5571F79F-2523-4812-B5E9-499D580D21B1}.Release|Any CPU.ActiveCfg = Release|Any CPU
		{5571F79F-2523-4812-B5E9-499D580D21B1}.Release|Any CPU.Build.0 = Release|Any CPU
	EndGlobalSection
	GlobalSection(SolutionProperties) = preSolution
		HideSolutionNode = FALSE
	EndGlobalSection
	GlobalSection(ExtensibilityGlobals) = postSolution
		SolutionGuid = {B3F27FCD-D7BC-4DC4-A9EB-897F3AEC5E21}
	EndGlobalSection
EndGlobal
